
Microsoft Visual Studio Solution File, Format Version 12.00
# Visual Studio Version 17
VisualStudioVersion = 17.13.35931.197 d17.13
MinimumVisualStudioVersion = 10.0.40219.1
Project("{FAE04EC0-301F-11D3-BF4B-00C04F79EFBC}") = "SF_Demo", "SF_Demo\SF_Demo.csproj", "{B61A5B3C-0EAE-4A7B-9578-D0EBB148880A}"
EndProject
Global
	GlobalSection(SolutionConfigurationPlatforms) = preSolution
		Debug|Any CPU = Debug|Any CPU
		Release|Any CPU = Release|Any CPU
	EndGlobalSection
	GlobalSection(ProjectConfigurationPlatforms) = postSolution
		{B61A5B3C-0EAE-4A7B-9578-D0EBB148880A}.Debug|Any CPU.ActiveCfg = Debug|Any CPU
		{B61A5B3C-0EAE-4A7B-9578-D0EBB148880A}.Debug|Any CPU.Build.0 = Debug|Any CPU
		{B61A5B3C-0EAE-4A7B-9578-D0EBB148880A}.Debug|Any CPU.Deploy.0 = Debug|Any CPU
		{B61A5B3C-0EAE-4A7B-9578-D0EBB148880A}.Release|Any CPU.ActiveCfg = Release|Any CPU
		{B61A5B3C-0EAE-4A7B-9578-D0EBB148880A}.Release|Any CPU.Build.0 = Release|Any CPU
		{B61A5B3C-0EAE-4A7B-9578-D0EBB148880A}.Release|Any CPU.Deploy.0 = Release|Any CPU
	EndGlobalSection
	GlobalSection(SolutionProperties) = preSolution
		HideSolutionNode = FALSE
	EndGlobalSection
	GlobalSection(ExtensibilityGlobals) = postSolution
		SolutionGuid = {A368067D-52F2-42FD-B493-CA4E8EA9EE99}
	EndGlobalSection
EndGlobal
